{
  "name": "Odin tic tac toe",
  "lockfileVersion": 3,
  "requires": true,
  "packages": {
    "": {
      "dependencies": {
        "node-snackbar": "^0.1.16"
      }
    },
    "node_modules/node-snackbar": {
      "version": "0.1.16",
      "resolved": "https://registry.npmjs.org/node-snackbar/-/node-snackbar-0.1.16.tgz",
      "integrity": "sha512-3s43QMKgABXdnqUfpKAXG+WlvS8bbuO6n6LAOmmLNZs87CGdpexqfGYCktFVi9NHFgREwNJARgeVTLOFAf2MQg=="
    }
  }
}
